
Microsoft Visual Studio Solution File, Format Version 12.00
# Visual Studio Version 17
VisualStudioVersion = 17.2.32526.322
MinimumVisualStudioVersion = 10.0.40219.1
Project("{FAE04EC0-301F-11D3-BF4B-00C04F79EFBC}") = "PILab7", "PILab7.csproj", "{57B59864-15CB-4AF4-ACC0-59AB32A1A637}"
EndProject
Global
	GlobalSection(SolutionConfigurationPlatforms) = preSolution
		Debug|Any CPU = Debug|Any CPU
		Release|Any CPU = Release|Any CPU
	EndGlobalSection
	GlobalSection(ProjectConfigurationPlatforms) = postSolution
		{57B59864-15CB-4AF4-ACC0-59AB32A1A637}.Debug|Any CPU.ActiveCfg = Debug|Any CPU
		{57B59864-15CB-4AF4-ACC0-59AB32A1A637}.Debug|Any CPU.Build.0 = Debug|Any CPU
		{57B59864-15CB-4AF4-ACC0-59AB32A1A637}.Release|Any CPU.ActiveCfg = Release|Any CPU
		{57B59864-15CB-4AF4-ACC0-59AB32A1A637}.Release|Any CPU.Build.0 = Release|Any CPU
	EndGlobalSection
	GlobalSection(SolutionProperties) = preSolution
		HideSolutionNode = FALSE
	EndGlobalSection
	GlobalSection(ExtensibilityGlobals) = postSolution
		SolutionGuid = {5F54FBF1-7175-4029-986D-231AF016BE7C}
	EndGlobalSection
EndGlobal
